
Microsoft Visual Studio Solution File, Format Version 12.00
# Visual Studio 15
VisualStudioVersion = 15.0.27130.2036
MinimumVisualStudioVersion = 10.0.40219.1
Project("{F184B08F-C81C-45F6-A57F-5ABD9991F28F}") = "BlobUpdater.Client", "BlobUpdater.Client\BlobUpdater.Client.vbproj", "{11526DAF-AA27-442A-A15D-9A5467AD94D7}"
EndProject
Project("{F184B08F-C81C-45F6-A57F-5ABD9991F28F}") = "BlobUpdater.Model", "BlobUpdater.Model\BlobUpdater.Model.vbproj", "{E8612B1D-39CE-4890-BDF7-D5AC15A8D0C9}"
EndProject
Global
	GlobalSection(SolutionConfigurationPlatforms) = preSolution
		Debug|Any CPU = Debug|Any CPU
		Release|Any CPU = Release|Any CPU
	EndGlobalSection
	GlobalSection(ProjectConfigurationPlatforms) = postSolution
		{11526DAF-AA27-442A-A15D-9A5467AD94D7}.Debug|Any CPU.ActiveCfg = Debug|Any CPU
		{11526DAF-AA27-442A-A15D-9A5467AD94D7}.Debug|Any CPU.Build.0 = Debug|Any CPU
		{11526DAF-AA27-442A-A15D-9A5467AD94D7}.Release|Any CPU.ActiveCfg = Release|Any CPU
		{11526DAF-AA27-442A-A15D-9A5467AD94D7}.Release|Any CPU.Build.0 = Release|Any CPU
		{E8612B1D-39CE-4890-BDF7-D5AC15A8D0C9}.Debug|Any CPU.ActiveCfg = Debug|Any CPU
		{E8612B1D-39CE-4890-BDF7-D5AC15A8D0C9}.Debug|Any CPU.Build.0 = Debug|Any CPU
		{E8612B1D-39CE-4890-BDF7-D5AC15A8D0C9}.Release|Any CPU.ActiveCfg = Release|Any CPU
		{E8612B1D-39CE-4890-BDF7-D5AC15A8D0C9}.Release|Any CPU.Build.0 = Release|Any CPU
	EndGlobalSection
	GlobalSection(SolutionProperties) = preSolution
		HideSolutionNode = FALSE
	EndGlobalSection
	GlobalSection(ExtensibilityGlobals) = postSolution
		SolutionGuid = {3A63DA8C-4F14-4785-9E48-95B8DCF03A3F}
	EndGlobalSection
EndGlobal
